
Microsoft Visual Studio Solution File, Format Version 11.00
# Visual Studio 2010
Project("{FAE04EC0-301F-11D3-BF4B-00C04F79EFBC}") = "Assembly-CSharp", "Assembly-CSharp.csproj", "{E504FBF2-D856-35A9-9CB1-519FF1C2218E}"
EndProject
Project("{FAE04EC0-301F-11D3-BF4B-00C04F79EFBC}") = "Assembly-CSharp-firstpass", "Assembly-CSharp-firstpass.csproj", "{FAD18020-797A-8568-1DAF-9DFB4B330997}"
EndProject
Project("{FAE04EC0-301F-11D3-BF4B-00C04F79EFBC}") = "Assembly-CSharp-Editor-firstpass", "Assembly-CSharp-Editor-firstpass.csproj", "{F618FD01-D1B0-FB48-E381-5E53392D37B2}"
EndProject
Project("{FAE04EC0-301F-11D3-BF4B-00C04F79EFBC}") = "Assembly-CSharp-Editor", "Assembly-CSharp-Editor.csproj", "{56404DE3-62AB-E6D8-EBEB-1C1C2367A4EC}"
EndProject
Global
	GlobalSection(SolutionConfigurationPlatforms) = preSolution
		Debug|Any CPU = Debug|Any CPU
		Release|Any CPU = Release|Any CPU
	EndGlobalSection
	GlobalSection(ProjectConfigurationPlatforms) = postSolution
		{E504FBF2-D856-35A9-9CB1-519FF1C2218E}.Debug|Any CPU.ActiveCfg = Debug|Any CPU
		{E504FBF2-D856-35A9-9CB1-519FF1C2218E}.Debug|Any CPU.Build.0 = Debug|Any CPU
		{E504FBF2-D856-35A9-9CB1-519FF1C2218E}.Release|Any CPU.ActiveCfg = Release|Any CPU
		{E504FBF2-D856-35A9-9CB1-519FF1C2218E}.Release|Any CPU.Build.0 = Release|Any CPU
		{FAD18020-797A-8568-1DAF-9DFB4B330997}.Debug|Any CPU.ActiveCfg = Debug|Any CPU
		{FAD18020-797A-8568-1DAF-9DFB4B330997}.Debug|Any CPU.Build.0 = Debug|Any CPU
		{FAD18020-797A-8568-1DAF-9DFB4B330997}.Release|Any CPU.ActiveCfg = Release|Any CPU
		{FAD18020-797A-8568-1DAF-9DFB4B330997}.Release|Any CPU.Build.0 = Release|Any CPU
		{F618FD01-D1B0-FB48-E381-5E53392D37B2}.Debug|Any CPU.ActiveCfg = Debug|Any CPU
		{F618FD01-D1B0-FB48-E381-5E53392D37B2}.Debug|Any CPU.Build.0 = Debug|Any CPU
		{F618FD01-D1B0-FB48-E381-5E53392D37B2}.Release|Any CPU.ActiveCfg = Release|Any CPU
		{F618FD01-D1B0-FB48-E381-5E53392D37B2}.Release|Any CPU.Build.0 = Release|Any CPU
		{56404DE3-62AB-E6D8-EBEB-1C1C2367A4EC}.Debug|Any CPU.ActiveCfg = Debug|Any CPU
		{56404DE3-62AB-E6D8-EBEB-1C1C2367A4EC}.Debug|Any CPU.Build.0 = Debug|Any CPU
		{56404DE3-62AB-E6D8-EBEB-1C1C2367A4EC}.Release|Any CPU.ActiveCfg = Release|Any CPU
		{56404DE3-62AB-E6D8-EBEB-1C1C2367A4EC}.Release|Any CPU.Build.0 = Release|Any CPU
	EndGlobalSection
	GlobalSection(SolutionProperties) = preSolution
		HideSolutionNode = FALSE
	EndGlobalSection
EndGlobal
